// !$*UTF8*$!
{
	archiveVersion = 1;
	classes = {
	};
	objectVersion = 46;
	objects = {

/* Begin PBXBuildFile section */
		75B5376B1B0632D20008ED12 /* AppDelegate.swift in Sources */ = {isa = PBXBuildFile; fileRef = 75B5376A1B0632D20008ED12 /* AppDelegate.swift */; };
		75B5376D1B0632D20008ED12 /* MatchViewController.swift in Sources */ = {isa = PBXBuildFile; fileRef = 75B5376C1B0632D20008ED12 /* MatchViewController.swift */; };
		75B537701B0632D20008ED12 /* Main.storyboard in Resources */ = {isa = PBXBuildFile; fileRef = 75B5376E1B0632D20008ED12 /* Main.storyboard */; };
		75B537721B0632D20008ED12 /* Images.xcassets in Resources */ = {isa = PBXBuildFile; fileRef = 75B537711B0632D20008ED12 /* Images.xcassets */; };
		75B537751B0632D20008ED12 /* LaunchScreen.xib in Resources */ = {isa = PBXBuildFile; fileRef = 75B537731B0632D20008ED12 /* LaunchScreen.xib */; };
		75B537811B0632D20008ED12 /* SeguePlayGroundTests.swift in Sources */ = {isa = PBXBuildFile; fileRef = 75B537801B0632D20008ED12 /* SeguePlayGroundTests.swift */; };
		75B5378B1B0636F60008ED12 /* ResultViewController.swift in Sources */ = {isa = PBXBuildFile; fileRef = 75B5378A1B0636F60008ED12 /* ResultViewController.swift */; };
		75B537B51B0668550008ED12 /* Game.swift in Sources */ = {isa = PBXBuildFile; fileRef = 75B537B41B0668550008ED12 /* Game.swift */; };
		75B537B71B066BD90008ED12 /* Player.swift in Sources */ = {isa = PBXBuildFile; fileRef = 75B537B61B066BD90008ED12 /* Player.swift */; };
		75B537E41B079C220008ED12 /* thumb.png in Resources */ = {isa = PBXBuildFile; fileRef = 75B537E31B079C220008ED12 /* thumb.png */; };
/* End PBXBuildFile section */

/* Begin PBXContainerItemProxy section */
		75B5377B1B0632D20008ED12 /* PBXContainerItemProxy */ = {
			isa = PBXContainerItemProxy;
			containerPortal = 75B5375D1B0632D20008ED12 /* Project object */;
			proxyType = 1;
			remoteGlobalIDString = 75B537641B0632D20008ED12;
			remoteInfo = SeguePlayGround;
		};
		75B537A51B0637CD0008ED12 /* PBXContainerItemProxy */ = {
			isa = PBXContainerItemProxy;
			containerPortal = 75B5375D1B0632D20008ED12 /* Project object */;
			proxyType = 1;
			remoteGlobalIDString = 75B5378F1B0637CD0008ED12;
			remoteInfo = QuizController;
		};
/* End PBXContainerItemProxy section */

/* Begin PBXFileReference section */
		75B537651B0632D20008ED12 /* SeguePlayGround.app */ = {isa = PBXFileReference; explicitFileType = wrapper.application; includeInIndex = 0; path = SeguePlayGround.app; sourceTree = BUILT_PRODUCTS_DIR; };
		75B537691B0632D20008ED12 /* Info.plist */ = {isa = PBXFileReference; lastKnownFileType = text.plist.xml; path = Info.plist; sourceTree = "<group>"; };
		75B5376A1B0632D20008ED12 /* AppDelegate.swift */ = {isa = PBXFileReference; lastKnownFileType = sourcecode.swift; path = AppDelegate.swift; sourceTree = "<group>"; };
		75B5376C1B0632D20008ED12 /* MatchViewController.swift */ = {isa = PBXFileReference; lastKnownFileType = sourcecode.swift; path = MatchViewController.swift; sourceTree = "<group>"; };
		75B5376F1B0632D20008ED12 /* Base */ = {isa = PBXFileReference; lastKnownFileType = file.storyboard; name = Base; path = Base.lproj/Main.storyboard; sourceTree = "<group>"; };
		75B537711B0632D20008ED12 /* Images.xcassets */ = {isa = PBXFileReference; lastKnownFileType = folder.assetcatalog; path = Images.xcassets; sourceTree = "<group>"; };
		75B537741B0632D20008ED12 /* Base */ = {isa = PBXFileReference; lastKnownFileType = file.xib; name = Base; path = Base.lproj/LaunchScreen.xib; sourceTree = "<group>"; };
		75B5377A1B0632D20008ED12 /* SeguePlayGroundTests.xctest */ = {isa = PBXFileReference; explicitFileType = wrapper.cfbundle; includeInIndex = 0; path = SeguePlayGroundTests.xctest; sourceTree = BUILT_PRODUCTS_DIR; };
		75B5377F1B0632D20008ED12 /* Info.plist */ = {isa = PBXFileReference; lastKnownFileType = text.plist.xml; path = Info.plist; sourceTree = "<group>"; };
		75B537801B0632D20008ED12 /* SeguePlayGroundTests.swift */ = {isa = PBXFileReference; lastKnownFileType = sourcecode.swift; path = SeguePlayGroundTests.swift; sourceTree = "<group>"; };
		75B5378A1B0636F60008ED12 /* ResultViewController.swift */ = {isa = PBXFileReference; fileEncoding = 4; lastKnownFileType = sourcecode.swift; path = ResultViewController.swift; sourceTree = "<group>"; };
		75B537901B0637CD0008ED12 /* QuizController.app */ = {isa = PBXFileReference; explicitFileType = wrapper.application; includeInIndex = 0; path = QuizController.app; sourceTree = BUILT_PRODUCTS_DIR; };
		75B537A41B0637CD0008ED12 /* QuizControllerTests.xctest */ = {isa = PBXFileReference; explicitFileType = wrapper.cfbundle; includeInIndex = 0; path = QuizControllerTests.xctest; sourceTree = BUILT_PRODUCTS_DIR; };
		75B537B41B0668550008ED12 /* Game.swift */ = {isa = PBXFileReference; fileEncoding = 4; lastKnownFileType = sourcecode.swift; path = Game.swift; sourceTree = "<group>"; };
		75B537B61B066BD90008ED12 /* Player.swift */ = {isa = PBXFileReference; fileEncoding = 4; lastKnownFileType = sourcecode.swift; path = Player.swift; sourceTree = "<group>"; };
		75B537E31B079C220008ED12 /* thumb.png */ = {isa = PBXFileReference; lastKnownFileType = image.png; path = thumb.png; sourceTree = "<group>"; };
/* End PBXFileReference section */

/* Begin PBXFrameworksBuildPhase section */
		75B537621B0632D20008ED12 /* Frameworks */ = {
			isa = PBXFrameworksBuildPhase;
			buildActionMask = 2147483647;
			files = (
			);
			runOnlyForDeploymentPostprocessing = 0;
		};
		75B537771B0632D20008ED12 /* Frameworks */ = {
			isa = PBXFrameworksBuildPhase;
			buildActionMask = 2147483647;
			files = (
			);
			runOnlyForDeploymentPostprocessing = 0;
		};
		75B5378D1B0637CD0008ED12 /* Frameworks */ = {
			isa = PBXFrameworksBuildPhase;
			buildActionMask = 2147483647;
			files = (
			);
			runOnlyForDeploymentPostprocessing = 0;
		};
		75B537A11B0637CD0008ED12 /* Frameworks */ = {
			isa = PBXFrameworksBuildPhase;
			buildActionMask = 2147483647;
			files = (
			);
			runOnlyForDeploymentPostprocessing = 0;
		};
/* End PBXFrameworksBuildPhase section */

/* Begin PBXGroup section */
		75B5375C1B0632D20008ED12 = {
			isa = PBXGroup;
			children = (
				75B537671B0632D20008ED12 /* SeguePlayGround */,
				75B5377D1B0632D20008ED12 /* SeguePlayGroundTests */,
				75B537661B0632D20008ED12 /* Products */,
				75B537E31B079C220008ED12 /* thumb.png */,
			);
			sourceTree = "<group>";
		};
		75B537661B0632D20008ED12 /* Products */ = {
			isa = PBXGroup;
			children = (
				75B537651B0632D20008ED12 /* SeguePlayGround.app */,
				75B5377A1B0632D20008ED12 /* SeguePlayGroundTests.xctest */,
				75B537901B0637CD0008ED12 /* QuizController.app */,
				75B537A41B0637CD0008ED12 /* QuizControllerTests.xctest */,
			);
			name = Products;
			sourceTree = "<group>";
		};
		75B537671B0632D20008ED12 /* SeguePlayGround */ = {
			isa = PBXGroup;
			children = (
				75B5376A1B0632D20008ED12 /* AppDelegate.swift */,
				75B5376C1B0632D20008ED12 /* MatchViewController.swift */,
				75B5378A1B0636F60008ED12 /* ResultViewController.swift */,
				75B5376E1B0632D20008ED12 /* Main.storyboard */,
				75B537B41B0668550008ED12 /* Game.swift */,
				75B537B61B066BD90008ED12 /* Player.swift */,
				75B537711B0632D20008ED12 /* Images.xcassets */,
				75B537731B0632D20008ED12 /* LaunchScreen.xib */,
				75B537681B0632D20008ED12 /* Supporting Files */,
			);
			path = SeguePlayGround;
			sourceTree = "<group>";
		};
		75B537681B0632D20008ED12 /* Supporting Files */ = {
			isa = PBXGroup;
			children = (
				75B537691B0632D20008ED12 /* Info.plist */,
			);
			name = "Supporting Files";
			sourceTree = "<group>";
		};
		75B5377D1B0632D20008ED12 /* SeguePlayGroundTests */ = {
			isa = PBXGroup;
			children = (
				75B537801B0632D20008ED12 /* SeguePlayGroundTests.swift */,
				75B5377E1B0632D20008ED12 /* Supporting Files */,
			);
			path = SeguePlayGroundTests;
			sourceTree = "<group>";
		};
		75B5377E1B0632D20008ED12 /* Supporting Files */ = {
			isa = PBXGroup;
			children = (
				75B5377F1B0632D20008ED12 /* Info.plist */,
			);
			name = "Supporting Files";
			sourceTree = "<group>";
		};
/* End PBXGroup section */

/* Begin PBXNativeTarget section */
		75B537641B0632D20008ED12 /* SeguePlayGround */ = {
			isa = PBXNativeTarget;
			buildConfigurationList = 75B537841B0632D20008ED12 /* Build configuration list for PBXNativeTarget "SeguePlayGround" */;
			buildPhases = (
				75B537611B0632D20008ED12 /* Sources */,
				75B537621B0632D20008ED12 /* Frameworks */,
				75B537631B0632D20008ED12 /* Resources */,
			);
			buildRules = (
			);
			dependencies = (
			);
			name = SeguePlayGround;
			productName = SeguePlayGround;
			productReference = 75B537651B0632D20008ED12 /* SeguePlayGround.app */;
			productType = "com.apple.product-type.application";
		};
		75B537791B0632D20008ED12 /* SeguePlayGroundTests */ = {
			isa = PBXNativeTarget;
			buildConfigurationList = 75B537871B0632D20008ED12 /* Build configuration list for PBXNativeTarget "SeguePlayGroundTests" */;
			buildPhases = (
				75B537761B0632D20008ED12 /* Sources */,
				75B537771B0632D20008ED12 /* Frameworks */,
				75B537781B0632D20008ED12 /* Resources */,
			);
			buildRules = (
			);
			dependencies = (
				75B5377C1B0632D20008ED12 /* PBXTargetDependency */,
			);
			name = SeguePlayGroundTests;
			productName = SeguePlayGroundTests;
			productReference = 75B5377A1B0632D20008ED12 /* SeguePlayGroundTests.xctest */;
			productType = "com.apple.product-type.bundle.unit-test";
		};
		75B5378F1B0637CD0008ED12 /* QuizController */ = {
			isa = PBXNativeTarget;
			buildConfigurationList = 75B537AC1B0637CD0008ED12 /* Build configuration list for PBXNativeTarget "QuizController" */;
			buildPhases = (
				75B5378C1B0637CD0008ED12 /* Sources */,
				75B5378D1B0637CD0008ED12 /* Frameworks */,
				75B5378E1B0637CD0008ED12 /* Resources */,
			);
			buildRules = (
			);
			dependencies = (
			);
			name = QuizController;
			productName = QuizController;
			productReference = 75B537901B0637CD0008ED12 /* QuizController.app */;
			productType = "com.apple.product-type.application";
		};
		75B537A31B0637CD0008ED12 /* QuizControllerTests */ = {
			isa = PBXNativeTarget;
			buildConfigurationList = 75B537AF1B0637CD0008ED12 /* Build configuration list for PBXNativeTarget "QuizControllerTests" */;
			buildPhases = (
				75B537A01B0637CD0008ED12 /* Sources */,
				75B537A11B0637CD0008ED12 /* Frameworks */,
				75B537A21B0637CD0008ED12 /* Resources */,
			);
			buildRules = (
			);
			dependencies = (
				75B537A61B0637CD0008ED12 /* PBXTargetDependency */,
			);
			name = QuizControllerTests;
			productName = QuizControllerTests;
			productReference = 75B537A41B0637CD0008ED12 /* QuizControllerTests.xctest */;
			productType = "com.apple.product-type.bundle.unit-test";
		};
/* End PBXNativeTarget section */

/* Begin PBXProject section */
		75B5375D1B0632D20008ED12 /* Project object */ = {
			isa = PBXProject;
			attributes = {
				LastUpgradeCheck = 0630;
				ORGANIZATIONNAME = "Oskar Hasinski";
				TargetAttributes = {
					75B537641B0632D20008ED12 = {
						CreatedOnToolsVersion = 6.3.1;
					};
					75B537791B0632D20008ED12 = {
						CreatedOnToolsVersion = 6.3.1;
						TestTargetID = 75B537641B0632D20008ED12;
					};
					75B5378F1B0637CD0008ED12 = {
						CreatedOnToolsVersion = 6.3.1;
					};
					75B537A31B0637CD0008ED12 = {
						CreatedOnToolsVersion = 6.3.1;
						TestTargetID = 75B5378F1B0637CD0008ED12;
					};
				};
			};
			buildConfigurationList = 75B537601B0632D20008ED12 /* Build configuration list for PBXProject "SeguePlayGround" */;
			compatibilityVersion = "Xcode 3.2";
			developmentRegion = English;
			hasScannedForEncodings = 0;
			knownRegions = (
				en,
				Base,
			);
			mainGroup = 75B5375C1B0632D20008ED12;
			productRefGroup = 75B537661B0632D20008ED12 /* Products */;
			projectDirPath = "";
			projectRoot = "";
			targets = (
				75B537641B0632D20008ED12 /* SeguePlayGround */,
				75B537791B0632D20008ED12 /* SeguePlayGroundTests */,
				75B5378F1B0637CD0008ED12 /* QuizController */,
				75B537A31B0637CD0008ED12 /* QuizControllerTests */,
			);
		};
/* End PBXProject section */

/* Begin PBXResourcesBuildPhase section */
		75B537631B0632D20008ED12 /* Resources */ = {
			isa = PBXResourcesBuildPhase;
			buildActionMask = 2147483647;
			files = (
				75B537E41B079C220008ED12 /* thumb.png in Resources */,
				75B537701B0632D20008ED12 /* Main.storyboard in Resources */,
				75B537751B0632D20008ED12 /* LaunchScreen.xib in Resources */,
				75B537721B0632D20008ED12 /* Images.xcassets in Resources */,
			);
			runOnlyForDeploymentPostprocessing = 0;
		};
		75B537781B0632D20008ED12 /* Resources */ = {
			isa = PBXResourcesBuildPhase;
			buildActionMask = 2147483647;
			files = (
			);
			runOnlyForDeploymentPostprocessing = 0;
		};
		75B5378E1B0637CD0008ED12 /* Resources */ = {
			isa = PBXResourcesBuildPhase;
			buildActionMask = 2147483647;
			files = (
			);
			runOnlyForDeploymentPostprocessing = 0;
		};
		75B537A21B0637CD0008ED12 /* Resources */ = {
			isa = PBXResourcesBuildPhase;
			buildActionMask = 2147483647;
			files = (
			);
			runOnlyForDeploymentPostprocessing = 0;
		};
/* End PBXResourcesBuildPhase section */

/* Begin PBXSourcesBuildPhase section */
		75B537611B0632D20008ED12 /* Sources */ = {
			isa = PBXSourcesBuildPhase;
			buildActionMask = 2147483647;
			files = (
				75B5376D1B0632D20008ED12 /* MatchViewController.swift in Sources */,
				75B5376B1B0632D20008ED12 /* AppDelegate.swift in Sources */,
				75B5378B1B0636F60008ED12 /* ResultViewController.swift in Sources */,
				75B537B71B066BD90008ED12 /* Player.swift in Sources */,
				75B537B51B0668550008ED12 /* Game.swift in Sources */,
			);
			runOnlyForDeploymentPostprocessing = 0;
		};
		75B537761B0632D20008ED12 /* Sources */ = {
			isa = PBXSourcesBuildPhase;
			buildActionMask = 2147483647;
			files = (
				75B537811B0632D20008ED12 /* SeguePlayGroundTests.swift in Sources */,
			);
			runOnlyForDeploymentPostprocessing = 0;
		};
		75B5378C1B0637CD0008ED12 /* Sources */ = {
			isa = PBXSourcesBuildPhase;
			buildActionMask = 2147483647;
			files = (
			);
			runOnlyForDeploymentPostprocessing = 0;
		};
		75B537A01B0637CD0008ED12 /* Sources */ = {
			isa = PBXSourcesBuildPhase;
			buildActionMask = 2147483647;
			files = (
			);
			runOnlyForDeploymentPostprocessing = 0;
		};
/* End PBXSourcesBuildPhase section */

/* Begin PBXTargetDependency section */
		75B5377C1B0632D20008ED12 /* PBXTargetDependency */ = {
			isa = PBXTargetDependency;
			target = 75B537641B0632D20008ED12 /* SeguePlayGround */;
			targetProxy = 75B5377B1B0632D20008ED12 /* PBXContainerItemProxy */;
		};
		75B537A61B0637CD0008ED12 /* PBXTargetDependency */ = {
			isa = PBXTargetDependency;
			target = 75B5378F1B0637CD0008ED12 /* QuizController */;
			targetProxy = 75B537A51B0637CD0008ED12 /* PBXContainerItemProxy */;
		};
/* End PBXTargetDependency section */

/* Begin PBXVariantGroup section */
		75B5376E1B0632D20008ED12 /* Main.storyboard */ = {
			isa = PBXVariantGroup;
			children = (
				75B5376F1B0632D20008ED12 /* Base */,
			);
			name = Main.storyboard;
			sourceTree = "<group>";
		};
		75B537731B0632D20008ED12 /* LaunchScreen.xib */ = {
			isa = PBXVariantGroup;
			children = (
				75B537741B0632D20008ED12 /* Base */,
			);
			name = LaunchScreen.xib;
			sourceTree = "<group>";
		};
/* End PBXVariantGroup section */

/* Begin XCBuildConfiguration section */
		75B537821B0632D20008ED12 /* Debug */ = {
			isa = XCBuildConfiguration;
			buildSettings = {
				ALWAYS_SEARCH_USER_PATHS = NO;
				CLANG_CXX_LANGUAGE_STANDARD = "gnu++0x";
				CLANG_CXX_LIBRARY = "libc++";
				CLANG_ENABLE_MODULES = YES;
				CLANG_ENABLE_OBJC_ARC = YES;
				CLANG_WARN_BOOL_CONVERSION = YES;
				CLANG_WARN_CONSTANT_CONVERSION = YES;
				CLANG_WARN_DIRECT_OBJC_ISA_USAGE = YES_ERROR;
				CLANG_WARN_EMPTY_BODY = YES;
				CLANG_WARN_ENUM_CONVERSION = YES;
				CLANG_WARN_INT_CONVERSION = YES;
				CLANG_WARN_OBJC_ROOT_CLASS = YES_ERROR;
				CLANG_WARN_UNREACHABLE_CODE = YES;
				CLANG_WARN__DUPLICATE_METHOD_MATCH = YES;
				"CODE_SIGN_IDENTITY[sdk=iphoneos*]" = "iPhone Developer";
				COPY_PHASE_STRIP = NO;
				DEBUG_INFORMATION_FORMAT = "dwarf-with-dsym";
				ENABLE_STRICT_OBJC_MSGSEND = YES;
				GCC_C_LANGUAGE_STANDARD = gnu99;
				GCC_DYNAMIC_NO_PIC = NO;
				GCC_NO_COMMON_BLOCKS = YES;
				GCC_OPTIMIZATION_LEVEL = 0;
				GCC_PREPROCESSOR_DEFINITIONS = (
					"DEBUG=1",
					"$(inherited)",
				);
				GCC_SYMBOLS_PRIVATE_EXTERN = NO;
				GCC_WARN_64_TO_32_BIT_CONVERSION = YES;
				GCC_WARN_ABOUT_RETURN_TYPE = YES_ERROR;
				GCC_WARN_UNDECLARED_SELECTOR = YES;
				GCC_WARN_UNINITIALIZED_AUTOS = YES_AGGRESSIVE;
				GCC_WARN_UNUSED_FUNCTION = YES;
				GCC_WARN_UNUSED_VARIABLE = YES;
				IPHONEOS_DEPLOYMENT_TARGET = 8.3;
				MTL_ENABLE_DEBUG_INFO = YES;
				ONLY_ACTIVE_ARCH = YES;
				SDKROOT = iphoneos;
				SWIFT_OPTIMIZATION_LEVEL = "-Onone";
			};
			name = Debug;
		};
		75B537831B0632D20008ED12 /* Release */ = {
			isa = XCBuildConfiguration;
			buildSettings = {
				ALWAYS_SEARCH_USER_PATHS = NO;
				CLANG_CXX_LANGUAGE_STANDARD = "gnu++0x";
				CLANG_CXX_LIBRARY = "libc++";
				CLANG_ENABLE_MODULES = YES;
				CLANG_ENABLE_OBJC_ARC = YES;
				CLANG_WARN_BOOL_CONVERSION = YES;
				CLANG_WARN_CONSTANT_CONVERSION = YES;
				CLANG_WARN_DIRECT_OBJC_ISA_USAGE = YES_ERROR;
				CLANG_WARN_EMPTY_BODY = YES;
				CLANG_WARN_ENUM_CONVERSION = YES;
				CLANG_WARN_INT_CONVERSION = YES;
				CLANG_WARN_OBJC_ROOT_CLASS = YES_ERROR;
				CLANG_WARN_UNREACHABLE_CODE = YES;
				CLANG_WARN__DUPLICATE_METHOD_MATCH = YES;
				"CODE_SIGN_IDENTITY[sdk=iphoneos*]" = "iPhone Developer";
				COPY_PHASE_STRIP = NO;
				DEBUG_INFORMATION_FORMAT = "dwarf-with-dsym";
				ENABLE_NS_ASSERTIONS = NO;
				ENABLE_STRICT_OBJC_MSGSEND = YES;
				GCC_C_LANGUAGE_STANDARD = gnu99;
				GCC_NO_COMMON_BLOCKS = YES;
				GCC_WARN_64_TO_32_BIT_CONVERSION = YES;
				GCC_WARN_ABOUT_RETURN_TYPE = YES_ERROR;
				GCC_WARN_UNDECLARED_SELECTOR = YES;
				GCC_WARN_UNINITIALIZED_AUTOS = YES_AGGRESSIVE;
				GCC_WARN_UNUSED_FUNCTION = YES;
				GCC_WARN_UNUSED_VARIABLE = YES;
				IPHONEOS_DEPLOYMENT_TARGET = 8.3;
				MTL_ENABLE_DEBUG_INFO = NO;
				SDKROOT = iphoneos;
				VALIDATE_PRODUCT = YES;
			};
			name = Release;
		};
		75B537851B0632D20008ED12 /* Debug */ = {
			isa = XCBuildConfiguration;
			buildSettings = {
				ASSETCATALOG_COMPILER_APPICON_NAME = AppIcon;
				INFOPLIST_FILE = SeguePlayGround/Info.plist;
				LD_RUNPATH_SEARCH_PATHS = "$(inherited) @executable_path/Frameworks";
				PRODUCT_NAME = "$(TARGET_NAME)";
			};
			name = Debug;
		};
		75B537861B0632D20008ED12 /* Release */ = {
			isa = XCBuildConfiguration;
			buildSettings = {
				ASSETCATALOG_COMPILER_APPICON_NAME = AppIcon;
				INFOPLIST_FILE = SeguePlayGround/Info.plist;
				LD_RUNPATH_SEARCH_PATHS = "$(inherited) @executable_path/Frameworks";
				PRODUCT_NAME = "$(TARGET_NAME)";
			};
			name = Release;
		};
		75B537881B0632D20008ED12 /* Debug */ = {
			isa = XCBuildConfiguration;
			buildSettings = {
				BUNDLE_LOADER = "$(TEST_HOST)";
				FRAMEWORK_SEARCH_PATHS = (
					"$(SDKROOT)/Developer/Library/Frameworks",
					"$(inherited)",
				);
				GCC_PREPROCESSOR_DEFINITIONS = (
					"DEBUG=1",
					"$(inherited)",
				);
				INFOPLIST_FILE = SeguePlayGroundTests/Info.plist;
				LD_RUNPATH_SEARCH_PATHS = "$(inherited) @executable_path/Frameworks @loader_path/Frameworks";
				PRODUCT_NAME = "$(TARGET_NAME)";
				TEST_HOST = "$(BUILT_PRODUCTS_DIR)/SeguePlayGround.app/SeguePlayGround";
			};
			name = Debug;
		};
		75B537891B0632D20008ED12 /* Release */ = {
			isa = XCBuildConfiguration;
			buildSettings = {
				BUNDLE_LOADER = "$(TEST_HOST)";
				FRAMEWORK_SEARCH_PATHS = (
					"$(SDKROOT)/Developer/Library/Frameworks",
					"$(inherited)",
				);
				INFOPLIST_FILE = SeguePlayGroundTests/Info.plist;
				LD_RUNPATH_SEARCH_PATHS = "$(inherited) @executable_path/Frameworks @loader_path/Frameworks";
				PRODUCT_NAME = "$(TARGET_NAME)";
				TEST_HOST = "$(BUILT_PRODUCTS_DIR)/SeguePlayGround.app/SeguePlayGround";
			};
			name = Release;
		};
		75B537AD1B0637CD0008ED12 /* Debug */ = {
			isa = XCBuildConfiguration;
			buildSettings = {
				ASSETCATALOG_COMPILER_APPICON_NAME = AppIcon;
				GCC_PREPROCESSOR_DEFINITIONS = (
					"DEBUG=1",
					"$(inherited)",
				);
				INFOPLIST_FILE = QuizController/Info.plist;
				LD_RUNPATH_SEARCH_PATHS = "$(inherited) @executable_path/Frameworks";
				PRODUCT_NAME = "$(TARGET_NAME)";
			};
			name = Debug;
		};
		75B537AE1B0637CD0008ED12 /* Release */ = {
			isa = XCBuildConfiguration;
			buildSettings = {
				ASSETCATALOG_COMPILER_APPICON_NAME = AppIcon;
				INFOPLIST_FILE = QuizController/Info.plist;
				LD_RUNPATH_SEARCH_PATHS = "$(inherited) @executable_path/Frameworks";
				PRODUCT_NAME = "$(TARGET_NAME)";
			};
			name = Release;
		};
		75B537B01B0637CD0008ED12 /* Debug */ = {
			isa = XCBuildConfiguration;
			buildSettings = {
				BUNDLE_LOADER = "$(TEST_HOST)";
				FRAMEWORK_SEARCH_PATHS = (
					"$(SDKROOT)/Developer/Library/Frameworks",
					"$(inherited)",
				);
				GCC_PREPROCESSOR_DEFINITIONS = (
					"DEBUG=1",
					"$(inherited)",
				);
				INFOPLIST_FILE = QuizControllerTests/Info.plist;
				LD_RUNPATH_SEARCH_PATHS = "$(inherited) @executable_path/Frameworks @loader_path/Frameworks";
				PRODUCT_NAME = "$(TARGET_NAME)";
				TEST_HOST = "$(BUILT_PRODUCTS_DIR)/QuizController.app/QuizController";
			};
			name = Debug;
		};
		75B537B11B0637CD0008ED12 /* Release */ = {
			isa = XCBuildConfiguration;
			buildSettings = {
				BUNDLE_LOADER = "$(TEST_HOST)";
				FRAMEWORK_SEARCH_PATHS = (
					"$(SDKROOT)/Developer/Library/Frameworks",
					"$(inherited)",
				);
				INFOPLIST_FILE = QuizControllerTests/Info.plist;
				LD_RUNPATH_SEARCH_PATHS = "$(inherited) @executable_path/Frameworks @loader_path/Frameworks";
				PRODUCT_NAME = "$(TARGET_NAME)";
				TEST_HOST = "$(BUILT_PRODUCTS_DIR)/QuizController.app/QuizController";
			};
			name = Release;
		};
/* End XCBuildConfiguration section */

/* Begin XCConfigurationList section */
		75B537601B0632D20008ED12 /* Build configuration list for PBXProject "SeguePlayGround" */ = {
			isa = XCConfigurationList;
			buildConfigurations = (
				75B537821B0632D20008ED12 /* Debug */,
				75B537831B0632D20008ED12 /* Release */,
			);
			defaultConfigurationIsVisible = 0;
			defaultConfigurationName = Release;
		};
		75B537841B0632D20008ED12 /* Build configuration list for PBXNativeTarget "SeguePlayGround" */ = {
			isa = XCConfigurationList;
			buildConfigurations = (
				75B537851B0632D20008ED12 /* Debug */,
				75B537861B0632D20008ED12 /* Release */,
			);
			defaultConfigurationIsVisible = 0;
			defaultConfigurationName = Release;
		};
		75B537871B0632D20008ED12 /* Build configuration list for PBXNativeTarget "SeguePlayGroundTests" */ = {
			isa = XCConfigurationList;
			buildConfigurations = (
				75B537881B0632D20008ED12 /* Debug */,
				75B537891B0632D20008ED12 /* Release */,
			);
			defaultConfigurationIsVisible = 0;
			defaultConfigurationName = Release;
		};
		75B537AC1B0637CD0008ED12 /* Build configuration list for PBXNativeTarget "QuizController" */ = {
			isa = XCConfigurationList;
			buildConfigurations = (
				75B537AD1B0637CD0008ED12 /* Debug */,
				75B537AE1B0637CD0008ED12 /* Release */,
			);
			defaultConfigurationIsVisible = 0;
			defaultConfigurationName = Release;
		};
		75B537AF1B0637CD0008ED12 /* Build configuration list for PBXNativeTarget "QuizControllerTests" */ = {
			isa = XCConfigurationList;
			buildConfigurations = (
				75B537B01B0637CD0008ED12 /* Debug */,
				75B537B11B0637CD0008ED12 /* Release */,
			);
			defaultConfigurationIsVisible = 0;
			defaultConfigurationName = Release;
		};
/* End XCConfigurationList section */
	};
	rootObject = 75B5375D1B0632D20008ED12 /* Project object */;
}
